
Microsoft Visual Studio Solution File, Format Version 12.00
# Visual Studio Version 17
VisualStudioVersion = 17.5.33414.496
MinimumVisualStudioVersion = 10.0.40219.1
Project("{8BC9CEB8-8B4A-11D0-8D11-00A0C91BC942}") = "Dimas_pointer", "Dimas_pointer\Dimas_pointer.vcxproj", "{0DF1BCF6-A2B9-452A-8DB0-34086A83B257}"
EndProject
Project("{8BC9CEB8-8B4A-11D0-8D11-00A0C91BC942}") = "Dimas_Pointer2", "Dimas_Pointer2\Dimas_Pointer2.vcxproj", "{98DFBCA5-3796-44F5-8676-D51A75D0FA77}"
EndProject
Project("{8BC9CEB8-8B4A-11D0-8D11-00A0C91BC942}") = "Dimas_Pointer3", "Dimas_Pointer3\Dimas_Pointer3.vcxproj", "{6F9D2EB6-41C7-40B0-93C2-5F80F65144DA}"
EndProject
Project("{8BC9CEB8-8B4A-11D0-8D11-00A0C91BC942}") = "Dimas_Pointer4", "Dimas_Pointer4\Dimas_Pointer4.vcxproj", "{AA367D85-6451-4CB9-839C-329266A336E9}"
EndProject
Project("{8BC9CEB8-8B4A-11D0-8D11-00A0C91BC942}") = "Dimas_Pointer5", "Dimas_Pointer5\Dimas_Pointer5.vcxproj", "{16CE035F-A5FE-4F1D-B925-DCDCB949CD5E}"
EndProject
Global
	GlobalSection(SolutionConfigurationPlatforms) = preSolution
		Debug|x64 = Debug|x64
		Debug|x86 = Debug|x86
		Release|x64 = Release|x64
		Release|x86 = Release|x86
	EndGlobalSection
	GlobalSection(ProjectConfigurationPlatforms) = postSolution
		{0DF1BCF6-A2B9-452A-8DB0-34086A83B257}.Debug|x64.ActiveCfg = Debug|x64
		{0DF1BCF6-A2B9-452A-8DB0-34086A83B257}.Debug|x64.Build.0 = Debug|x64
		{0DF1BCF6-A2B9-452A-8DB0-34086A83B257}.Debug|x86.ActiveCfg = Debug|Win32
		{0DF1BCF6-A2B9-452A-8DB0-34086A83B257}.Debug|x86.Build.0 = Debug|Win32
		{0DF1BCF6-A2B9-452A-8DB0-34086A83B257}.Release|x64.ActiveCfg = Release|x64
		{0DF1BCF6-A2B9-452A-8DB0-34086A83B257}.Release|x64.Build.0 = Release|x64
		{0DF1BCF6-A2B9-452A-8DB0-34086A83B257}.Release|x86.ActiveCfg = Release|Win32
		{0DF1BCF6-A2B9-452A-8DB0-34086A83B257}.Release|x86.Build.0 = Release|Win32
		{98DFBCA5-3796-44F5-8676-D51A75D0FA77}.Debug|x64.ActiveCfg = Debug|x64
		{98DFBCA5-3796-44F5-8676-D51A75D0FA77}.Debug|x64.Build.0 = Debug|x64
		{98DFBCA5-3796-44F5-8676-D51A75D0FA77}.Debug|x86.ActiveCfg = Debug|Win32
		{98DFBCA5-3796-44F5-8676-D51A75D0FA77}.Debug|x86.Build.0 = Debug|Win32
		{98DFBCA5-3796-44F5-8676-D51A75D0FA77}.Release|x64.ActiveCfg = Release|x64
		{98DFBCA5-3796-44F5-8676-D51A75D0FA77}.Release|x64.Build.0 = Release|x64
		{98DFBCA5-3796-44F5-8676-D51A75D0FA77}.Release|x86.ActiveCfg = Release|Win32
		{98DFBCA5-3796-44F5-8676-D51A75D0FA77}.Release|x86.Build.0 = Release|Win32
		{6F9D2EB6-41C7-40B0-93C2-5F80F65144DA}.Debug|x64.ActiveCfg = Debug|x64
		{6F9D2EB6-41C7-40B0-93C2-5F80F65144DA}.Debug|x64.Build.0 = Debug|x64
		{6F9D2EB6-41C7-40B0-93C2-5F80F65144DA}.Debug|x86.ActiveCfg = Debug|Win32
		{6F9D2EB6-41C7-40B0-93C2-5F80F65144DA}.Debug|x86.Build.0 = Debug|Win32
		{6F9D2EB6-41C7-40B0-93C2-5F80F65144DA}.Release|x64.ActiveCfg = Release|x64
		{6F9D2EB6-41C7-40B0-93C2-5F80F65144DA}.Release|x64.Build.0 = Release|x64
		{6F9D2EB6-41C7-40B0-93C2-5F80F65144DA}.Release|x86.ActiveCfg = Release|Win32
		{6F9D2EB6-41C7-40B0-93C2-5F80F65144DA}.Release|x86.Build.0 = Release|Win32
		{AA367D85-6451-4CB9-839C-329266A336E9}.Debug|x64.ActiveCfg = Debug|x64
		{AA367D85-6451-4CB9-839C-329266A336E9}.Debug|x64.Build.0 = Debug|x64
		{AA367D85-6451-4CB9-839C-329266A336E9}.Debug|x86.ActiveCfg = Debug|Win32
		{AA367D85-6451-4CB9-839C-329266A336E9}.Debug|x86.Build.0 = Debug|Win32
		{AA367D85-6451-4CB9-839C-329266A336E9}.Release|x64.ActiveCfg = Release|x64
		{AA367D85-6451-4CB9-839C-329266A336E9}.Release|x64.Build.0 = Release|x64
		{AA367D85-6451-4CB9-839C-329266A336E9}.Release|x86.ActiveCfg = Release|Win32
		{AA367D85-6451-4CB9-839C-329266A336E9}.Release|x86.Build.0 = Release|Win32
		{16CE035F-A5FE-4F1D-B925-DCDCB949CD5E}.Debug|x64.ActiveCfg = Debug|x64
		{16CE035F-A5FE-4F1D-B925-DCDCB949CD5E}.Debug|x64.Build.0 = Debug|x64
		{16CE035F-A5FE-4F1D-B925-DCDCB949CD5E}.Debug|x86.ActiveCfg = Debug|Win32
		{16CE035F-A5FE-4F1D-B925-DCDCB949CD5E}.Debug|x86.Build.0 = Debug|Win32
		{16CE035F-A5FE-4F1D-B925-DCDCB949CD5E}.Release|x64.ActiveCfg = Release|x64
		{16CE035F-A5FE-4F1D-B925-DCDCB949CD5E}.Release|x64.Build.0 = Release|x64
		{16CE035F-A5FE-4F1D-B925-DCDCB949CD5E}.Release|x86.ActiveCfg = Release|Win32
		{16CE035F-A5FE-4F1D-B925-DCDCB949CD5E}.Release|x86.Build.0 = Release|Win32
	EndGlobalSection
	GlobalSection(SolutionProperties) = preSolution
		HideSolutionNode = FALSE
	EndGlobalSection
	GlobalSection(ExtensibilityGlobals) = postSolution
		SolutionGuid = {2765E7D4-0CF4-46EA-93F7-DC551483B098}
	EndGlobalSection
EndGlobal
